{
  "projects": [
    {
      "projectId": "k2DBTCtBd7z8ahQAwpvpcm",
      "version": "latest",
      "dependencies": {},
      "lang": "js",
      "fileLocks": [
        {
          "type": "globalVariant",
          "assetId": "3eIxYKMWij",
          "checksum": "e69e4b6f0a389b760b6ab6551c1adc42"
        },
        {
          "type": "renderModule",
          "assetId": "9I7yg5ZAa4",
          "checksum": "51d64a07442031de9f5ccf7ca77e8ad9"
        },
        {
          "type": "cssRules",
          "assetId": "9I7yg5ZAa4",
          "checksum": "51d64a07442031de9f5ccf7ca77e8ad9"
        },
        {
          "assetId": "k2DBTCtBd7z8ahQAwpvpcm",
          "type": "projectCss",
          "checksum": "8004d139bc03b6c85e1025c5275b95b4"
        },
        {
          "type": "image",
          "assetId": "li3IX-z3-",
          "checksum": "d58c0d234cb4b4a5ae4feb6ff84b3595"
        },
        {
          "type": "image",
          "assetId": "nzRRjS_1c",
          "checksum": "5688be90a22f8e3dc87056f21075ceb3"
        }
      ]
    }
  ],
  "cliVersion": "0.1.161"
}
